
Microsoft Visual Studio Solution File, Format Version 12.00
# Visual Studio 15
VisualStudioVersion = 15.0.28307.329
MinimumVisualStudioVersion = 10.0.40219.1
Project("{FAE04EC0-301F-11D3-BF4B-00C04F79EFBC}") = "MetinKelime", "MetinKelime\MetinKelime.csproj", "{DBFCA970-F2D0-461B-B5B2-4BDE36EBA067}"
EndProject
Global
	GlobalSection(SolutionConfigurationPlatforms) = preSolution
		Debug|Any CPU = Debug|Any CPU
		Release|Any CPU = Release|Any CPU
	EndGlobalSection
	GlobalSection(ProjectConfigurationPlatforms) = postSolution
		{DBFCA970-F2D0-461B-B5B2-4BDE36EBA067}.Debug|Any CPU.ActiveCfg = Debug|Any CPU
		{DBFCA970-F2D0-461B-B5B2-4BDE36EBA067}.Debug|Any CPU.Build.0 = Debug|Any CPU
		{DBFCA970-F2D0-461B-B5B2-4BDE36EBA067}.Release|Any CPU.ActiveCfg = Release|Any CPU
		{DBFCA970-F2D0-461B-B5B2-4BDE36EBA067}.Release|Any CPU.Build.0 = Release|Any CPU
	EndGlobalSection
	GlobalSection(SolutionProperties) = preSolution
		HideSolutionNode = FALSE
	EndGlobalSection
	GlobalSection(ExtensibilityGlobals) = postSolution
		SolutionGuid = {924989DB-53C0-4B43-AF9C-FBE826033813}
	EndGlobalSection
EndGlobal
